
Microsoft Visual Studio Solution File, Format Version 12.00
# Visual Studio Version 17
VisualStudioVersion = 17.3.32901.215
MinimumVisualStudioVersion = 10.0.40219.1
Project("{FAE04EC0-301F-11D3-BF4B-00C04F79EFBC}") = "CrudAPi", "CrudAPi\CrudAPi.csproj", "{06D61333-77D4-4545-873E-9DAC453DB375}"
EndProject
Global
	GlobalSection(SolutionConfigurationPlatforms) = preSolution
		Debug|Any CPU = Debug|Any CPU
		Release|Any CPU = Release|Any CPU
	EndGlobalSection
	GlobalSection(ProjectConfigurationPlatforms) = postSolution
		{06D61333-77D4-4545-873E-9DAC453DB375}.Debug|Any CPU.ActiveCfg = Debug|Any CPU
		{06D61333-77D4-4545-873E-9DAC453DB375}.Debug|Any CPU.Build.0 = Debug|Any CPU
		{06D61333-77D4-4545-873E-9DAC453DB375}.Release|Any CPU.ActiveCfg = Release|Any CPU
		{06D61333-77D4-4545-873E-9DAC453DB375}.Release|Any CPU.Build.0 = Release|Any CPU
	EndGlobalSection
	GlobalSection(SolutionProperties) = preSolution
		HideSolutionNode = FALSE
	EndGlobalSection
	GlobalSection(ExtensibilityGlobals) = postSolution
		SolutionGuid = {A55C4725-B329-4C3C-BFFC-DE61811944AD}
	EndGlobalSection
EndGlobal
